
Microsoft Visual Studio Solution File, Format Version 12.00
# Visual Studio Version 17
VisualStudioVersion = 17.2.32516.85
MinimumVisualStudioVersion = 10.0.40219.1
Project("{FAE04EC0-301F-11D3-BF4B-00C04F79EFBC}") = "Practice Problems", "Practice Problems\Practice Problems.csproj", "{790A883C-CAEC-4970-98E6-71172FB4D95F}"
EndProject
Global
	GlobalSection(SolutionConfigurationPlatforms) = preSolution
		Debug|Any CPU = Debug|Any CPU
		Release|Any CPU = Release|Any CPU
	EndGlobalSection
	GlobalSection(ProjectConfigurationPlatforms) = postSolution
		{790A883C-CAEC-4970-98E6-71172FB4D95F}.Debug|Any CPU.ActiveCfg = Debug|Any CPU
		{790A883C-CAEC-4970-98E6-71172FB4D95F}.Debug|Any CPU.Build.0 = Debug|Any CPU
		{790A883C-CAEC-4970-98E6-71172FB4D95F}.Release|Any CPU.ActiveCfg = Release|Any CPU
		{790A883C-CAEC-4970-98E6-71172FB4D95F}.Release|Any CPU.Build.0 = Release|Any CPU
	EndGlobalSection
	GlobalSection(SolutionProperties) = preSolution
		HideSolutionNode = FALSE
	EndGlobalSection
	GlobalSection(ExtensibilityGlobals) = postSolution
		SolutionGuid = {6477707D-8CC9-4C78-9CCA-7522DBA3B2C2}
	EndGlobalSection
EndGlobal
